
Microsoft Visual Studio Solution File, Format Version 12.00
# Visual Studio Version 17
VisualStudioVersion = 17.3.32901.215
MinimumVisualStudioVersion = 10.0.40219.1
Project("{FAE04EC0-301F-11D3-BF4B-00C04F79EFBC}") = "BigSchool", "BigSchool.csproj", "{7A3C7DA3-1558-46A1-BC1F-CEBF8D617B72}"
EndProject
Global
	GlobalSection(SolutionConfigurationPlatforms) = preSolution
		Debug|Any CPU = Debug|Any CPU
		Release|Any CPU = Release|Any CPU
	EndGlobalSection
	GlobalSection(ProjectConfigurationPlatforms) = postSolution
		{7A3C7DA3-1558-46A1-BC1F-CEBF8D617B72}.Debug|Any CPU.ActiveCfg = Debug|Any CPU
		{7A3C7DA3-1558-46A1-BC1F-CEBF8D617B72}.Debug|Any CPU.Build.0 = Debug|Any CPU
		{7A3C7DA3-1558-46A1-BC1F-CEBF8D617B72}.Release|Any CPU.ActiveCfg = Release|Any CPU
		{7A3C7DA3-1558-46A1-BC1F-CEBF8D617B72}.Release|Any CPU.Build.0 = Release|Any CPU
	EndGlobalSection
	GlobalSection(SolutionProperties) = preSolution
		HideSolutionNode = FALSE
	EndGlobalSection
	GlobalSection(ExtensibilityGlobals) = postSolution
		SolutionGuid = {B18D5BF6-EF9E-48B0-969D-14EE17CD6FCA}
	EndGlobalSection
EndGlobal
